
Microsoft Visual Studio Solution File, Format Version 12.00
# Visual Studio Version 17
VisualStudioVersion = 17.8.34601.278
MinimumVisualStudioVersion = 10.0.40219.1
Project("{9A19103F-16F7-4668-BE54-9A1E7A4F7556}") = "Blogy.WebUI", "Blogy.WebUI\Blogy.WebUI.csproj", "{A3162516-A1D3-429D-8BA5-34CC22A3B3A7}"
EndProject
Project("{9A19103F-16F7-4668-BE54-9A1E7A4F7556}") = "Blogy.EntityLayer", "Blogy.EntityLayer\Blogy.EntityLayer.csproj", "{A2123043-0A44-42A6-83D3-0A5F9F7C806F}"
EndProject
Project("{9A19103F-16F7-4668-BE54-9A1E7A4F7556}") = "Blogy.DataAccessLayer", "Blogy.DataAccessLayer\Blogy.DataAccessLayer.csproj", "{7074094B-CB4E-4A50-8854-FEEEE2ED40FD}"
EndProject
Project("{FAE04EC0-301F-11D3-BF4B-00C04F79EFBC}") = "Blogy.BusinessLayer", "Blogy.BusinessLayer\Blogy.BusinessLayer.csproj", "{D35C0293-6CF7-472A-9D9E-19BFDBB679B1}"
EndProject
Global
	GlobalSection(SolutionConfigurationPlatforms) = preSolution
		Debug|Any CPU = Debug|Any CPU
		Release|Any CPU = Release|Any CPU
	EndGlobalSection
	GlobalSection(ProjectConfigurationPlatforms) = postSolution
		{A3162516-A1D3-429D-8BA5-34CC22A3B3A7}.Debug|Any CPU.ActiveCfg = Debug|Any CPU
		{A3162516-A1D3-429D-8BA5-34CC22A3B3A7}.Debug|Any CPU.Build.0 = Debug|Any CPU
		{A3162516-A1D3-429D-8BA5-34CC22A3B3A7}.Release|Any CPU.ActiveCfg = Release|Any CPU
		{A3162516-A1D3-429D-8BA5-34CC22A3B3A7}.Release|Any CPU.Build.0 = Release|Any CPU
		{A2123043-0A44-42A6-83D3-0A5F9F7C806F}.Debug|Any CPU.ActiveCfg = Debug|Any CPU
		{A2123043-0A44-42A6-83D3-0A5F9F7C806F}.Debug|Any CPU.Build.0 = Debug|Any CPU
		{A2123043-0A44-42A6-83D3-0A5F9F7C806F}.Release|Any CPU.ActiveCfg = Release|Any CPU
		{A2123043-0A44-42A6-83D3-0A5F9F7C806F}.Release|Any CPU.Build.0 = Release|Any CPU
		{7074094B-CB4E-4A50-8854-FEEEE2ED40FD}.Debug|Any CPU.ActiveCfg = Debug|Any CPU
		{7074094B-CB4E-4A50-8854-FEEEE2ED40FD}.Debug|Any CPU.Build.0 = Debug|Any CPU
		{7074094B-CB4E-4A50-8854-FEEEE2ED40FD}.Release|Any CPU.ActiveCfg = Release|Any CPU
		{7074094B-CB4E-4A50-8854-FEEEE2ED40FD}.Release|Any CPU.Build.0 = Release|Any CPU
		{D35C0293-6CF7-472A-9D9E-19BFDBB679B1}.Debug|Any CPU.ActiveCfg = Debug|Any CPU
		{D35C0293-6CF7-472A-9D9E-19BFDBB679B1}.Debug|Any CPU.Build.0 = Debug|Any CPU
		{D35C0293-6CF7-472A-9D9E-19BFDBB679B1}.Release|Any CPU.ActiveCfg = Release|Any CPU
		{D35C0293-6CF7-472A-9D9E-19BFDBB679B1}.Release|Any CPU.Build.0 = Release|Any CPU
	EndGlobalSection
	GlobalSection(SolutionProperties) = preSolution
		HideSolutionNode = FALSE
	EndGlobalSection
	GlobalSection(ExtensibilityGlobals) = postSolution
		SolutionGuid = {92BB4B0E-604F-4889-ABDF-85C3EA14DF5B}
	EndGlobalSection
EndGlobal
